
Microsoft Visual Studio Solution File, Format Version 12.00
# Visual Studio Version 17
VisualStudioVersion = 17.0.31717.71
MinimumVisualStudioVersion = 10.0.40219.1
Project("{FAE04EC0-301F-11D3-BF4B-00C04F79EFBC}") = "xmaencode-gui", "xmaencode-gui\xmaencode-gui.csproj", "{75F52F00-B7BE-4C93-BB39-86BEE54FB325}"
EndProject
Global
	GlobalSection(SolutionConfigurationPlatforms) = preSolution
		Debug|Any CPU = Debug|Any CPU
		Release|Any CPU = Release|Any CPU
	EndGlobalSection
	GlobalSection(ProjectConfigurationPlatforms) = postSolution
		{75F52F00-B7BE-4C93-BB39-86BEE54FB325}.Debug|Any CPU.ActiveCfg = Debug|Any CPU
		{75F52F00-B7BE-4C93-BB39-86BEE54FB325}.Debug|Any CPU.Build.0 = Debug|Any CPU
		{75F52F00-B7BE-4C93-BB39-86BEE54FB325}.Release|Any CPU.ActiveCfg = Release|Any CPU
		{75F52F00-B7BE-4C93-BB39-86BEE54FB325}.Release|Any CPU.Build.0 = Release|Any CPU
	EndGlobalSection
	GlobalSection(SolutionProperties) = preSolution
		HideSolutionNode = FALSE
	EndGlobalSection
	GlobalSection(ExtensibilityGlobals) = postSolution
		SolutionGuid = {FA8C951F-8AC1-4081-AE85-3D23B08B7766}
	EndGlobalSection
EndGlobal
